
Microsoft Visual Studio Solution File, Format Version 12.00
# Visual Studio Version 16
VisualStudioVersion = 16.0.30114.105
MinimumVisualStudioVersion = 10.0.40219.1
Project("{FAE04EC0-301F-11D3-BF4B-00C04F79EFBC}") = "ExemploConstrutores", "ExemploConstrutores\ExemploConstrutores.csproj", "{58CD66DE-54B6-419C-AE13-2F7D5FD9A2A2}"
EndProject
Global
	GlobalSection(SolutionConfigurationPlatforms) = preSolution
		Debug|Any CPU = Debug|Any CPU
		Release|Any CPU = Release|Any CPU
	EndGlobalSection
	GlobalSection(SolutionProperties) = preSolution
		HideSolutionNode = FALSE
	EndGlobalSection
	GlobalSection(ProjectConfigurationPlatforms) = postSolution
		{58CD66DE-54B6-419C-AE13-2F7D5FD9A2A2}.Debug|Any CPU.ActiveCfg = Debug|Any CPU
		{58CD66DE-54B6-419C-AE13-2F7D5FD9A2A2}.Debug|Any CPU.Build.0 = Debug|Any CPU
		{58CD66DE-54B6-419C-AE13-2F7D5FD9A2A2}.Release|Any CPU.ActiveCfg = Release|Any CPU
		{58CD66DE-54B6-419C-AE13-2F7D5FD9A2A2}.Release|Any CPU.Build.0 = Release|Any CPU
	EndGlobalSection
EndGlobal
